{
  "name": "node-sped-nfe",
  "version": "1.2.37",
  "lockfileVersion": 3,
  "requires": true,
  "packages": {
    "": {
      "name": "node-sped-nfe",
      "version": "1.2.37",
      "license": "MIT",
      "dependencies": {
        "crypto": "^1.0.1",
        "fast-xml-parser": "^4.5.1",
        "pem": "^1.14.8",
        "tmp": "^0.2.3",
        "xml-crypto": "^6.1.2",
        "zlib": "^1.0.5"
      },
      "devDependencies": {
        "@types/node": "^22.14.0",
        "@types/node-forge": "^1.3.11",
        "@types/pem": "^1.14.4",
        "@types/tmp": "^0.2.6",
        "typescript": "^5.0.0"
      }
    },
    "node_modules/@types/node": {
      "version": "22.14.0",
      "resolved": "https://registry.npmjs.org/@types/node/-/node-22.14.0.tgz",
      "integrity": "sha512-Kmpl+z84ILoG+3T/zQFyAJsU6EPTmOCj8/2+83fSN6djd6I4o7uOuGIH6vq3PrjY5BGitSbFuMN18j3iknubbA==",
      "dev": true,
      "license": "MIT",
      "dependencies": {
        "undici-types": "~6.21.0"
      }
    },
    "node_modules/@types/node-forge": {
      "version": "1.3.11",
      "resolved": "https://registry.npmjs.org/@types/node-forge/-/node-forge-1.3.11.tgz",
      "integrity": "sha512-FQx220y22OKNTqaByeBGqHWYz4cl94tpcxeFdvBo3wjG6XPBuZ0BNgNZRV5J5TFmmcsJ4IzsLkmGRiQbnYsBEQ==",
      "dev": true,
      "license": "MIT",
      "dependencies": {
        "@types/node": "*"
      }
    },
    "node_modules/@types/pem": {
      "version": "1.14.4",
      "resolved": "https://registry.npmjs.org/@types/pem/-/pem-1.14.4.tgz",
      "integrity": "sha512-Xt6qY6kX1RD4UmYNhWCCf3OSJrRcwbQIaJ/mQSjjAHxIjXMHx/vHNPOgEU3HdVKS1k/U5CZ6ClQlRo8egkl8xg==",
      "dev": true,
      "license": "MIT",
      "dependencies": {
        "@types/node": "*"
      }
    },
    "node_modules/@types/tmp": {
      "version": "0.2.6",
      "resolved": "https://registry.npmjs.org/@types/tmp/-/tmp-0.2.6.tgz",
      "integrity": "sha512-chhaNf2oKHlRkDGt+tiKE2Z5aJ6qalm7Z9rlLdBwmOiAAf09YQvvoLXjWK4HWPF1xU/fqvMgfNfpVoBscA/tKA==",
      "dev": true,
      "license": "MIT"
    },
    "node_modules/@xmldom/is-dom-node": {
      "version": "1.0.1",
      "resolved": "https://registry.npmjs.org/@xmldom/is-dom-node/-/is-dom-node-1.0.1.tgz",
      "integrity": "sha512-CJDxIgE5I0FH+ttq/Fxy6nRpxP70+e2O048EPe85J2use3XKdatVM7dDVvFNjQudd9B49NPoZ+8PG49zj4Er8Q==",
      "license": "MIT",
      "engines": {
        "node": ">= 16"
      }
    },
    "node_modules/charenc": {
      "version": "0.0.2",
      "resolved": "https://registry.npmjs.org/charenc/-/charenc-0.0.2.tgz",
      "integrity": "sha512-yrLQ/yVUFXkzg7EDQsPieE/53+0RlaWTs+wBrvW36cyilJ2SaDWfl4Yj7MtLTXleV9uEKefbAGUPv2/iWSooRA==",
      "license": "BSD-3-Clause",
      "engines": {
        "node": "*"
      }
    },
    "node_modules/crypt": {
      "version": "0.0.2",
      "resolved": "https://registry.npmjs.org/crypt/-/crypt-0.0.2.tgz",
      "integrity": "sha512-mCxBlsHFYh9C+HVpiEacem8FEBnMXgU9gy4zmNC+SXAZNB/1idgp/aulFJ4FgCi7GPEVbfyng092GqL2k2rmow==",
      "license": "BSD-3-Clause",
      "engines": {
        "node": "*"
      }
    },
    "node_modules/crypto": {
      "version": "1.0.1",
      "resolved": "https://registry.npmjs.org/crypto/-/crypto-1.0.1.tgz",
      "integrity": "sha512-VxBKmeNcqQdiUQUW2Tzq0t377b54N2bMtXO/qiLa+6eRRmmC4qT3D4OnTGoT/U6O9aklQ/jTwbOtRMTTY8G0Ig==",
      "deprecated": "This package is no longer supported. It's now a built-in Node module. If you've depended on crypto, you should switch to the one that's built-in.",
      "license": "ISC"
    },
    "node_modules/es6-promisify": {
      "version": "7.0.0",
      "resolved": "https://registry.npmjs.org/es6-promisify/-/es6-promisify-7.0.0.tgz",
      "integrity": "sha512-ginqzK3J90Rd4/Yz7qRrqUeIpe3TwSXTPPZtPne7tGBPeAaQiU8qt4fpKApnxHcq1AwtUdHVg5P77x/yrggG8Q==",
      "license": "MIT",
      "engines": {
        "node": ">=6"
      }
    },
    "node_modules/fast-xml-parser": {
      "version": "4.5.3",
      "resolved": "https://registry.npmjs.org/fast-xml-parser/-/fast-xml-parser-4.5.3.tgz",
      "integrity": "sha512-RKihhV+SHsIUGXObeVy9AXiBbFwkVk7Syp8XgwN5U3JV416+Gwp/GO9i0JYKmikykgz/UHRrrV4ROuZEo/T0ig==",
      "funding": [
        {
          "type": "github",
          "url": "https://github.com/sponsors/NaturalIntelligence"
        }
      ],
      "license": "MIT",
      "dependencies": {
        "strnum": "^1.1.1"
      },
      "bin": {
        "fxparser": "src/cli/cli.js"
      }
    },
    "node_modules/is-buffer": {
      "version": "1.1.6",
      "resolved": "https://registry.npmjs.org/is-buffer/-/is-buffer-1.1.6.tgz",
      "integrity": "sha512-NcdALwpXkTm5Zvvbk7owOUSvVvBKDgKP5/ewfXEznmQFfs4ZRmanOeKBTjRVjka3QFoN6XJ+9F3USqfHqTaU5w==",
      "license": "MIT"
    },
    "node_modules/isexe": {
      "version": "2.0.0",
      "resolved": "https://registry.npmjs.org/isexe/-/isexe-2.0.0.tgz",
      "integrity": "sha512-RHxMLp9lnKHGHRng9QFhRCMbYAcVpn69smSGcq3f36xjgVVWThj4qqLbTLlq7Ssj8B+fIQ1EuCEGI2lKsyQeIw==",
      "license": "ISC"
    },
    "node_modules/md5": {
      "version": "2.3.0",
      "resolved": "https://registry.npmjs.org/md5/-/md5-2.3.0.tgz",
      "integrity": "sha512-T1GITYmFaKuO91vxyoQMFETst+O71VUPEU3ze5GNzDm0OWdP8v1ziTaAEPUr/3kLsY3Sftgz242A1SetQiDL7g==",
      "license": "BSD-3-Clause",
      "dependencies": {
        "charenc": "0.0.2",
        "crypt": "0.0.2",
        "is-buffer": "~1.1.6"
      }
    },
    "node_modules/os-tmpdir": {
      "version": "1.0.2",
      "resolved": "https://registry.npmjs.org/os-tmpdir/-/os-tmpdir-1.0.2.tgz",
      "integrity": "sha512-D2FR03Vir7FIu45XBY20mTb+/ZSWB00sjU9jdQXt83gDrI4Ztz5Fs7/yy74g2N5SVQY4xY1qDr4rNddwYRVX0g==",
      "license": "MIT",
      "engines": {
        "node": ">=0.10.0"
      }
    },
    "node_modules/pem": {
      "version": "1.14.8",
      "resolved": "https://registry.npmjs.org/pem/-/pem-1.14.8.tgz",
      "integrity": "sha512-ZpbOf4dj9/fQg5tQzTqv4jSKJQsK7tPl0pm4/pvPcZVjZcJg7TMfr3PBk6gJH97lnpJDu4e4v8UUqEz5daipCg==",
      "license": "MIT",
      "dependencies": {
        "es6-promisify": "^7.0.0",
        "md5": "^2.3.0",
        "os-tmpdir": "^1.0.2",
        "which": "^2.0.2"
      },
      "engines": {
        "node": ">=14.0.0"
      }
    },
    "node_modules/strnum": {
      "version": "1.1.2",
      "resolved": "https://registry.npmjs.org/strnum/-/strnum-1.1.2.tgz",
      "integrity": "sha512-vrN+B7DBIoTTZjnPNewwhx6cBA/H+IS7rfW68n7XxC1y7uoiGQBxaKzqucGUgavX15dJgiGztLJ8vxuEzwqBdA==",
      "funding": [
        {
          "type": "github",
          "url": "https://github.com/sponsors/NaturalIntelligence"
        }
      ],
      "license": "MIT"
    },
    "node_modules/tmp": {
      "version": "0.2.3",
      "resolved": "https://registry.npmjs.org/tmp/-/tmp-0.2.3.tgz",
      "integrity": "sha512-nZD7m9iCPC5g0pYmcaxogYKggSfLsdxl8of3Q/oIbqCqLLIO9IAF0GWjX1z9NZRHPiXv8Wex4yDCaZsgEw0Y8w==",
      "license": "MIT",
      "engines": {
        "node": ">=14.14"
      }
    },
    "node_modules/typescript": {
      "version": "5.8.3",
      "resolved": "https://registry.npmjs.org/typescript/-/typescript-5.8.3.tgz",
      "integrity": "sha512-p1diW6TqL9L07nNxvRMM7hMMw4c5XOo/1ibL4aAIGmSAt9slTE1Xgw5KWuof2uTOvCg9BY7ZRi+GaF+7sfgPeQ==",
      "dev": true,
      "license": "Apache-2.0",
      "bin": {
        "tsc": "bin/tsc",
        "tsserver": "bin/tsserver"
      },
      "engines": {
        "node": ">=14.17"
      }
    },
    "node_modules/undici-types": {
      "version": "6.21.0",
      "resolved": "https://registry.npmjs.org/undici-types/-/undici-types-6.21.0.tgz",
      "integrity": "sha512-iwDZqg0QAGrg9Rav5H4n0M64c3mkR59cJ6wQp+7C4nI0gsmExaedaYLNO44eT4AtBBwjbTiGPMlt2Md0T9H9JQ==",
      "dev": true,
      "license": "MIT"
    },
    "node_modules/which": {
      "version": "2.0.2",
      "resolved": "https://registry.npmjs.org/which/-/which-2.0.2.tgz",
      "integrity": "sha512-BLI3Tl1TW3Pvl70l3yq3Y64i+awpwXqsGBYWkkqMtnbXgrMD+yj7rhW0kuEDxzJaYXGjEW5ogapKNMEKNMjibA==",
      "license": "ISC",
      "dependencies": {
        "isexe": "^2.0.0"
      },
      "bin": {
        "node-which": "bin/node-which"
      },
      "engines": {
        "node": ">= 8"
      }
    },
    "node_modules/xml-crypto": {
      "version": "6.1.2",
      "resolved": "https://registry.npmjs.org/xml-crypto/-/xml-crypto-6.1.2.tgz",
      "integrity": "sha512-leBOVQdVi8FvPJrMYoum7Ici9qyxfE4kVi+AkpUoYCSXaQF4IlBm1cneTK9oAxR61LpYxTx7lNcsnBIeRpGW2w==",
      "license": "MIT",
      "dependencies": {
        "@xmldom/is-dom-node": "^1.0.1",
        "@xmldom/xmldom": "^0.8.10",
        "xpath": "^0.0.33"
      },
      "engines": {
        "node": ">=16"
      }
    },
    "node_modules/xml-crypto/node_modules/@xmldom/xmldom": {
      "version": "0.8.10",
      "resolved": "https://registry.npmjs.org/@xmldom/xmldom/-/xmldom-0.8.10.tgz",
      "integrity": "sha512-2WALfTl4xo2SkGCYRt6rDTFfk9R1czmBvUQy12gK2KuRKIpWEhcbbzy8EZXtz/jkRqHX8bFEc6FC1HjX4TUWYw==",
      "license": "MIT",
      "engines": {
        "node": ">=10.0.0"
      }
    },
    "node_modules/xpath": {
      "version": "0.0.33",
      "resolved": "https://registry.npmjs.org/xpath/-/xpath-0.0.33.tgz",
      "integrity": "sha512-NNXnzrkDrAzalLhIUc01jO2mOzXGXh1JwPgkihcLLzw98c0WgYDmmjSh1Kl3wzaxSVWMuA+fe0WTWOBDWCBmNA==",
      "license": "MIT",
      "engines": {
        "node": ">=0.6.0"
      }
    },
    "node_modules/zlib": {
      "version": "1.0.5",
      "resolved": "https://registry.npmjs.org/zlib/-/zlib-1.0.5.tgz",
      "integrity": "sha512-40fpE2II+Cd3k8HWTWONfeKE2jL+P42iWJ1zzps5W51qcTsOUKM5Q5m2PFb0CLxlmFAaUuUdJGc3OfZy947v0w==",
      "hasInstallScript": true,
      "engines": {
        "node": ">=0.2.0"
      }
    }
  }
}
